
Microsoft Visual Studio Solution File, Format Version 12.00
# Visual Studio Version 17
VisualStudioVersion = 17.6.33801.468
MinimumVisualStudioVersion = 10.0.40219.1
Project("{FAE04EC0-301F-11D3-BF4B-00C04F79EFBC}") = "YoutifyBot", "YoutifyBot\YoutifyBot.csproj", "{6F28371C-FB1F-4428-AFA3-2689989B6AA4}"
EndProject
Global
	GlobalSection(SolutionConfigurationPlatforms) = preSolution
		Debug|Any CPU = Debug|Any CPU
		Release|Any CPU = Release|Any CPU
	EndGlobalSection
	GlobalSection(ProjectConfigurationPlatforms) = postSolution
		{6F28371C-FB1F-4428-AFA3-2689989B6AA4}.Debug|Any CPU.ActiveCfg = Debug|Any CPU
		{6F28371C-FB1F-4428-AFA3-2689989B6AA4}.Debug|Any CPU.Build.0 = Debug|Any CPU
		{6F28371C-FB1F-4428-AFA3-2689989B6AA4}.Release|Any CPU.ActiveCfg = Release|Any CPU
		{6F28371C-FB1F-4428-AFA3-2689989B6AA4}.Release|Any CPU.Build.0 = Release|Any CPU
	EndGlobalSection
	GlobalSection(SolutionProperties) = preSolution
		HideSolutionNode = FALSE
	EndGlobalSection
	GlobalSection(ExtensibilityGlobals) = postSolution
		SolutionGuid = {6AAFF198-2850-424A-922B-9D2166F09E1D}
	EndGlobalSection
EndGlobal
